# This file is automatically @generated by Cargo.
# It is not intended for manual editing.
version = 3

[[package]]
name = "ahash"
version = "0.3.8"
source = "registry+https://github.com/rust-lang/crates.io-index"
checksum = "e8fd72866655d1904d6b0997d0b07ba561047d070fbe29de039031c641b61217"

[[package]]
name = "anyhow"
version = "1.0.56"
source = "registry+https://github.com/rust-lang/crates.io-index"
checksum = "4361135be9122e0870de935d7c439aef945b9f9ddd4199a553b5270b49c82a27"

[[package]]
name = "as-slice"
version = "0.1.5"
source = "registry+https://github.com/rust-lang/crates.io-index"
checksum = "45403b49e3954a4b8428a0ac21a4b7afadccf92bfd96273f1a58cd4812496ae0"
dependencies = [
 "generic-array 0.12.4",
 "generic-array 0.13.3",
 "generic-array 0.14.5",
 "stable_deref_trait",
]

[[package]]
name = "autocfg"
version = "1.1.0"
source = "registry+https://github.com/rust-lang/crates.io-index"
checksum = "d468802bab17cbc0cc575e9b053f41e72aa36bfa6b7f55e3529ffa43161b97fa"

[[package]]
name = "byteorder"
version = "1.4.3"
source = "registry+https://github.com/rust-lang/crates.io-index"
checksum = "14c189c53d098945499cdfa7ecc63567cf3886b3332b312a5b4585d8d3a6a610"

[[package]]
name = "crankstart"
version = "0.1.0"
dependencies = [
 "anyhow",
 "crankstart-sys",
 "cstr_core",
 "euclid",
 "hashbrown",
 "heapless",
]

[[package]]
name = "crankstart-sys"
version = "0.1.0"
dependencies = [
 "euclid",
]

[[package]]
name = "cstr_core"
version = "0.2.5"
source = "registry+https://github.com/rust-lang/crates.io-index"
checksum = "644828c273c063ab0d39486ba42a5d1f3a499d35529c759e763a9c6cb8a0fb08"
dependencies = [
 "cty",
 "memchr",
]

[[package]]
name = "cty"
version = "0.2.2"
source = "registry+https://github.com/rust-lang/crates.io-index"
checksum = "b365fabc795046672053e29c954733ec3b05e4be654ab130fe8f1f94d7051f35"

[[package]]
name = "euclid"
version = "0.20.14"
source = "registry+https://github.com/rust-lang/crates.io-index"
checksum = "2bb7ef65b3777a325d1eeefefab5b6d4959da54747e33bd6258e789640f307ad"
dependencies = [
 "num-traits",
]

[[package]]
name = "generic-array"
version = "0.12.4"
source = "registry+https://github.com/rust-lang/crates.io-index"
checksum = "ffdf9f34f1447443d37393cc6c2b8313aebddcd96906caf34e54c68d8e57d7bd"
dependencies = [
 "typenum",
]

[[package]]
name = "generic-array"
version = "0.13.3"
source = "registry+https://github.com/rust-lang/crates.io-index"
checksum = "f797e67af32588215eaaab8327027ee8e71b9dd0b2b26996aedf20c030fce309"
dependencies = [
 "typenum",
]

[[package]]
name = "generic-array"
version = "0.14.5"
source = "registry+https://github.com/rust-lang/crates.io-index"
checksum = "fd48d33ec7f05fbfa152300fdad764757cbded343c1aa1cff2fbaf4134851803"
dependencies = [
 "typenum",
 "version_check",
]

[[package]]
name = "hash32"
version = "0.1.1"
source = "registry+https://github.com/rust-lang/crates.io-index"
checksum = "d4041af86e63ac4298ce40e5cca669066e75b6f1aa3390fe2561ffa5e1d9f4cc"
dependencies = [
 "byteorder",
]

[[package]]
name = "hashbrown"
version = "0.7.2"
source = "registry+https://github.com/rust-lang/crates.io-index"
checksum = "96282e96bfcd3da0d3aa9938bedf1e50df3269b6db08b4876d2da0bb1a0841cf"
dependencies = [
 "ahash",
 "autocfg",
]

[[package]]
name = "heapless"
version = "0.5.6"
source = "registry+https://github.com/rust-lang/crates.io-index"
checksum = "74911a68a1658cfcfb61bc0ccfbd536e3b6e906f8c2f7883ee50157e3e2184f1"
dependencies = [
 "as-slice",
 "generic-array 0.13.3",
 "hash32",
 "stable_deref_trait",
]

[[package]]
name = "libm"
version = "0.2.2"
source = "registry+https://github.com/rust-lang/crates.io-index"
checksum = "33a33a362ce288760ec6a508b94caaec573ae7d3bbbd91b87aa0bad4456839db"

[[package]]
name = "memchr"
version = "2.4.1"
source = "registry+https://github.com/rust-lang/crates.io-index"
checksum = "308cc39be01b73d0d18f82a0e7b2a3df85245f84af96fdddc5d202d27e47b86a"

[[package]]
name = "num-traits"
version = "0.2.14"
source = "registry+https://github.com/rust-lang/crates.io-index"
checksum = "9a64b1ec5cda2586e284722486d802acf1f7dbdc623e2bfc57e65ca1cd099290"
dependencies = [
 "autocfg",
 "libm",
]

[[package]]
name = "playboy"
version = "0.1.0"
dependencies = [
 "anyhow",
 "crankstart",
 "crankstart-sys",
 "euclid",
]

[[package]]
name = "stable_deref_trait"
version = "1.2.0"
source = "registry+https://github.com/rust-lang/crates.io-index"
checksum = "a8f112729512f8e442d81f95a8a7ddf2b7c6b8a1a6f509a95864142b30cab2d3"

[[package]]
name = "typenum"
version = "1.15.0"
source = "registry+https://github.com/rust-lang/crates.io-index"
checksum = "dcf81ac59edc17cc8697ff311e8f5ef2d99fcbd9817b34cec66f90b6c3dfd987"

[[package]]
name = "version_check"
version = "0.9.4"
source = "registry+https://github.com/rust-lang/crates.io-index"
checksum = "49874b5167b65d7193b8aba1567f5c7d93d001cafc34600cee003eda787e483f"
